
Microsoft Visual Studio Solution File, Format Version 12.00
# Visual Studio Version 16
VisualStudioVersion = 16.0.29215.179
MinimumVisualStudioVersion = 10.0.40219.1
Project("{FAE04EC0-301F-11D3-BF4B-00C04F79EFBC}") = "Space Station", "Space Station.csproj", "{117185D9-2DC1-41E7-AEA6-F71C7DBD2709}"
EndProject
Global
	GlobalSection(SolutionConfigurationPlatforms) = preSolution
		Debug|Any CPU = Debug|Any CPU
		Release|Any CPU = Release|Any CPU
	EndGlobalSection
	GlobalSection(ProjectConfigurationPlatforms) = postSolution
		{117185D9-2DC1-41E7-AEA6-F71C7DBD2709}.Debug|Any CPU.ActiveCfg = Debug|Any CPU
		{117185D9-2DC1-41E7-AEA6-F71C7DBD2709}.Debug|Any CPU.Build.0 = Debug|Any CPU
		{117185D9-2DC1-41E7-AEA6-F71C7DBD2709}.Release|Any CPU.ActiveCfg = Release|Any CPU
		{117185D9-2DC1-41E7-AEA6-F71C7DBD2709}.Release|Any CPU.Build.0 = Release|Any CPU
	EndGlobalSection
	GlobalSection(SolutionProperties) = preSolution
		HideSolutionNode = FALSE
	EndGlobalSection
	GlobalSection(ExtensibilityGlobals) = postSolution
		SolutionGuid = {7A8E33DC-7568-448A-9C6B-A0E199A9FEF2}
	EndGlobalSection
EndGlobal
